// !$*UTF8*$!
{
	archiveVersion = 1;
	classes = {
	};
	objectVersion = 55;
	objects = {

/* Begin PBXBuildFile section */
		BE9CD64B2939D91A005D7838 /* AppDelegate.m in Sources */ = {isa = PBXBuildFile; fileRef = BE9CD64A2939D91A005D7838 /* AppDelegate.m */; };
		BE9CD64E2939D91A005D7838 /* SceneDelegate.m in Sources */ = {isa = PBXBuildFile; fileRef = BE9CD64D2939D91A005D7838 /* SceneDelegate.m */; };
		BE9CD6512939D91A005D7838 /* ViewController.m in Sources */ = {isa = PBXBuildFile; fileRef = BE9CD6502939D91A005D7838 /* ViewController.m */; };
		BE9CD6542939D91A005D7838 /* Main.storyboard in Resources */ = {isa = PBXBuildFile; fileRef = BE9CD6522939D91A005D7838 /* Main.storyboard */; };
		BE9CD6562939D921005D7838 /* Assets.xcassets in Resources */ = {isa = PBXBuildFile; fileRef = BE9CD6552939D921005D7838 /* Assets.xcassets */; };
		BE9CD6592939D921005D7838 /* LaunchScreen.storyboard in Resources */ = {isa = PBXBuildFile; fileRef = BE9CD6572939D921005D7838 /* LaunchScreen.storyboard */; };
		BE9CD65C2939D921005D7838 /* main.m in Sources */ = {isa = PBXBuildFile; fileRef = BE9CD65B2939D921005D7838 /* main.m */; };
		BE9CD6662939D921005D7838 /* IOS_demoTests.m in Sources */ = {isa = PBXBuildFile; fileRef = BE9CD6652939D921005D7838 /* IOS_demoTests.m */; };
		BE9CD6702939D921005D7838 /* IOS_demoUITests.m in Sources */ = {isa = PBXBuildFile; fileRef = BE9CD66F2939D921005D7838 /* IOS_demoUITests.m */; };
		BE9CD6722939D921005D7838 /* IOS_demoUITestsLaunchTests.m in Sources */ = {isa = PBXBuildFile; fileRef = BE9CD6712939D921005D7838 /* IOS_demoUITestsLaunchTests.m */; };
/* End PBXBuildFile section */

/* Begin PBXContainerItemProxy section */
		BE9CD6622939D921005D7838 /* PBXContainerItemProxy */ = {
			isa = PBXContainerItemProxy;
			containerPortal = BE9CD63E2939D91A005D7838 /* Project object */;
			proxyType = 1;
			remoteGlobalIDString = BE9CD6452939D91A005D7838;
			remoteInfo = IOS_demo;
		};
		BE9CD66C2939D921005D7838 /* PBXContainerItemProxy */ = {
			isa = PBXContainerItemProxy;
			containerPortal = BE9CD63E2939D91A005D7838 /* Project object */;
			proxyType = 1;
			remoteGlobalIDString = BE9CD6452939D91A005D7838;
			remoteInfo = IOS_demo;
		};
/* End PBXContainerItemProxy section */

/* Begin PBXFileReference section */
		BE9CD6462939D91A005D7838 /* IOS_demo.app */ = {isa = PBXFileReference; explicitFileType = wrapper.application; includeInIndex = 0; path = IOS_demo.app; sourceTree = BUILT_PRODUCTS_DIR; };
		BE9CD6492939D91A005D7838 /* AppDelegate.h */ = {isa = PBXFileReference; lastKnownFileType = sourcecode.c.h; path = AppDelegate.h; sourceTree = "<group>"; };
		BE9CD64A2939D91A005D7838 /* AppDelegate.m */ = {isa = PBXFileReference; lastKnownFileType = sourcecode.c.objc; path = AppDelegate.m; sourceTree = "<group>"; };
		BE9CD64C2939D91A005D7838 /* SceneDelegate.h */ = {isa = PBXFileReference; lastKnownFileType = sourcecode.c.h; path = SceneDelegate.h; sourceTree = "<group>"; };
		BE9CD64D2939D91A005D7838 /* SceneDelegate.m */ = {isa = PBXFileReference; lastKnownFileType = sourcecode.c.objc; path = SceneDelegate.m; sourceTree = "<group>"; };
		BE9CD64F2939D91A005D7838 /* ViewController.h */ = {isa = PBXFileReference; lastKnownFileType = sourcecode.c.h; path = ViewController.h; sourceTree = "<group>"; };
		BE9CD6502939D91A005D7838 /* ViewController.m */ = {isa = PBXFileReference; lastKnownFileType = sourcecode.c.objc; path = ViewController.m; sourceTree = "<group>"; };
		BE9CD6532939D91A005D7838 /* Base */ = {isa = PBXFileReference; lastKnownFileType = file.storyboard; name = Base; path = Base.lproj/Main.storyboard; sourceTree = "<group>"; };
		BE9CD6552939D921005D7838 /* Assets.xcassets */ = {isa = PBXFileReference; lastKnownFileType = folder.assetcatalog; path = Assets.xcassets; sourceTree = "<group>"; };
		BE9CD6582939D921005D7838 /* Base */ = {isa = PBXFileReference; lastKnownFileType = file.storyboard; name = Base; path = Base.lproj/LaunchScreen.storyboard; sourceTree = "<group>"; };
		BE9CD65A2939D921005D7838 /* Info.plist */ = {isa = PBXFileReference; lastKnownFileType = text.plist.xml; path = Info.plist; sourceTree = "<group>"; };
		BE9CD65B2939D921005D7838 /* main.m */ = {isa = PBXFileReference; lastKnownFileType = sourcecode.c.objc; path = main.m; sourceTree = "<group>"; };
		BE9CD6612939D921005D7838 /* IOS_demoTests.xctest */ = {isa = PBXFileReference; explicitFileType = wrapper.cfbundle; includeInIndex = 0; path = IOS_demoTests.xctest; sourceTree = BUILT_PRODUCTS_DIR; };
		BE9CD6652939D921005D7838 /* IOS_demoTests.m */ = {isa = PBXFileReference; lastKnownFileType = sourcecode.c.objc; path = IOS_demoTests.m; sourceTree = "<group>"; };
		BE9CD66B2939D921005D7838 /* IOS_demoUITests.xctest */ = {isa = PBXFileReference; explicitFileType = wrapper.cfbundle; includeInIndex = 0; path = IOS_demoUITests.xctest; sourceTree = BUILT_PRODUCTS_DIR; };
		BE9CD66F2939D921005D7838 /* IOS_demoUITests.m */ = {isa = PBXFileReference; lastKnownFileType = sourcecode.c.objc; path = IOS_demoUITests.m; sourceTree = "<group>"; };
		BE9CD6712939D921005D7838 /* IOS_demoUITestsLaunchTests.m */ = {isa = PBXFileReference; lastKnownFileType = sourcecode.c.objc; path = IOS_demoUITestsLaunchTests.m; sourceTree = "<group>"; };
/* End PBXFileReference section */

/* Begin PBXFrameworksBuildPhase section */
		BE9CD6432939D91A005D7838 /* Frameworks */ = {
			isa = PBXFrameworksBuildPhase;
			buildActionMask = 2147483647;
			files = (
			);
			runOnlyForDeploymentPostprocessing = 0;
		};
		BE9CD65E2939D921005D7838 /* Frameworks */ = {
			isa = PBXFrameworksBuildPhase;
			buildActionMask = 2147483647;
			files = (
			);
			runOnlyForDeploymentPostprocessing = 0;
		};
		BE9CD6682939D921005D7838 /* Frameworks */ = {
			isa = PBXFrameworksBuildPhase;
			buildActionMask = 2147483647;
			files = (
			);
			runOnlyForDeploymentPostprocessing = 0;
		};
/* End PBXFrameworksBuildPhase section */

/* Begin PBXGroup section */
		BE9CD63D2939D91A005D7838 = {
			isa = PBXGroup;
			children = (
				BE9CD6482939D91A005D7838 /* IOS_demo */,
				BE9CD6642939D921005D7838 /* IOS_demoTests */,
				BE9CD66E2939D921005D7838 /* IOS_demoUITests */,
				BE9CD6472939D91A005D7838 /* Products */,
			);
			sourceTree = "<group>";
		};
		BE9CD6472939D91A005D7838 /* Products */ = {
			isa = PBXGroup;
			children = (
				BE9CD6462939D91A005D7838 /* IOS_demo.app */,
				BE9CD6612939D921005D7838 /* IOS_demoTests.xctest */,
				BE9CD66B2939D921005D7838 /* IOS_demoUITests.xctest */,
			);
			name = Products;
			sourceTree = "<group>";
		};
		BE9CD6482939D91A005D7838 /* IOS_demo */ = {
			isa = PBXGroup;
			children = (
				BE9CD6492939D91A005D7838 /* AppDelegate.h */,
				BE9CD64A2939D91A005D7838 /* AppDelegate.m */,
				BE9CD64C2939D91A005D7838 /* SceneDelegate.h */,
				BE9CD64D2939D91A005D7838 /* SceneDelegate.m */,
				BE9CD64F2939D91A005D7838 /* ViewController.h */,
				BE9CD6502939D91A005D7838 /* ViewController.m */,
				BE9CD6522939D91A005D7838 /* Main.storyboard */,
				BE9CD6552939D921005D7838 /* Assets.xcassets */,
				BE9CD6572939D921005D7838 /* LaunchScreen.storyboard */,
				BE9CD65A2939D921005D7838 /* Info.plist */,
				BE9CD65B2939D921005D7838 /* main.m */,
			);
			path = IOS_demo;
			sourceTree = "<group>";
		};
		BE9CD6642939D921005D7838 /* IOS_demoTests */ = {
			isa = PBXGroup;
			children = (
				BE9CD6652939D921005D7838 /* IOS_demoTests.m */,
			);
			path = IOS_demoTests;
			sourceTree = "<group>";
		};
		BE9CD66E2939D921005D7838 /* IOS_demoUITests */ = {
			isa = PBXGroup;
			children = (
				BE9CD66F2939D921005D7838 /* IOS_demoUITests.m */,
				BE9CD6712939D921005D7838 /* IOS_demoUITestsLaunchTests.m */,
			);
			path = IOS_demoUITests;
			sourceTree = "<group>";
		};
/* End PBXGroup section */

/* Begin PBXNativeTarget section */
		BE9CD6452939D91A005D7838 /* IOS_demo */ = {
			isa = PBXNativeTarget;
			buildConfigurationList = BE9CD6752939D921005D7838 /* Build configuration list for PBXNativeTarget "IOS_demo" */;
			buildPhases = (
				BE9CD6422939D91A005D7838 /* Sources */,
				BE9CD6432939D91A005D7838 /* Frameworks */,
				BE9CD6442939D91A005D7838 /* Resources */,
			);
			buildRules = (
			);
			dependencies = (
			);
			name = IOS_demo;
			productName = IOS_demo;
			productReference = BE9CD6462939D91A005D7838 /* IOS_demo.app */;
			productType = "com.apple.product-type.application";
		};
		BE9CD6602939D921005D7838 /* IOS_demoTests */ = {
			isa = PBXNativeTarget;
			buildConfigurationList = BE9CD6782939D921005D7838 /* Build configuration list for PBXNativeTarget "IOS_demoTests" */;
			buildPhases = (
				BE9CD65D2939D921005D7838 /* Sources */,
				BE9CD65E2939D921005D7838 /* Frameworks */,
				BE9CD65F2939D921005D7838 /* Resources */,
			);
			buildRules = (
			);
			dependencies = (
				BE9CD6632939D921005D7838 /* PBXTargetDependency */,
			);
			name = IOS_demoTests;
			productName = IOS_demoTests;
			productReference = BE9CD6612939D921005D7838 /* IOS_demoTests.xctest */;
			productType = "com.apple.product-type.bundle.unit-test";
		};
		BE9CD66A2939D921005D7838 /* IOS_demoUITests */ = {
			isa = PBXNativeTarget;
			buildConfigurationList = BE9CD67B2939D921005D7838 /* Build configuration list for PBXNativeTarget "IOS_demoUITests" */;
			buildPhases = (
				BE9CD6672939D921005D7838 /* Sources */,
				BE9CD6682939D921005D7838 /* Frameworks */,
				BE9CD6692939D921005D7838 /* Resources */,
			);
			buildRules = (
			);
			dependencies = (
				BE9CD66D2939D921005D7838 /* PBXTargetDependency */,
			);
			name = IOS_demoUITests;
			productName = IOS_demoUITests;
			productReference = BE9CD66B2939D921005D7838 /* IOS_demoUITests.xctest */;
			productType = "com.apple.product-type.bundle.ui-testing";
		};
/* End PBXNativeTarget section */

/* Begin PBXProject section */
		BE9CD63E2939D91A005D7838 /* Project object */ = {
			isa = PBXProject;
			attributes = {
				BuildIndependentTargetsInParallel = 1;
				LastUpgradeCheck = 1340;
				TargetAttributes = {
					BE9CD6452939D91A005D7838 = {
						CreatedOnToolsVersion = 13.4.1;
					};
					BE9CD6602939D921005D7838 = {
						CreatedOnToolsVersion = 13.4.1;
						TestTargetID = BE9CD6452939D91A005D7838;
					};
					BE9CD66A2939D921005D7838 = {
						CreatedOnToolsVersion = 13.4.1;
						TestTargetID = BE9CD6452939D91A005D7838;
					};
				};
			};
			buildConfigurationList = BE9CD6412939D91A005D7838 /* Build configuration list for PBXProject "IOS_demo" */;
			compatibilityVersion = "Xcode 13.0";
			developmentRegion = en;
			hasScannedForEncodings = 0;
			knownRegions = (
				en,
				Base,
			);
			mainGroup = BE9CD63D2939D91A005D7838;
			productRefGroup = BE9CD6472939D91A005D7838 /* Products */;
			projectDirPath = "";
			projectRoot = "";
			targets = (
				BE9CD6452939D91A005D7838 /* IOS_demo */,
				BE9CD6602939D921005D7838 /* IOS_demoTests */,
				BE9CD66A2939D921005D7838 /* IOS_demoUITests */,
			);
		};
/* End PBXProject section */

/* Begin PBXResourcesBuildPhase section */
		BE9CD6442939D91A005D7838 /* Resources */ = {
			isa = PBXResourcesBuildPhase;
			buildActionMask = 2147483647;
			files = (
				BE9CD6592939D921005D7838 /* LaunchScreen.storyboard in Resources */,
				BE9CD6562939D921005D7838 /* Assets.xcassets in Resources */,
				BE9CD6542939D91A005D7838 /* Main.storyboard in Resources */,
			);
			runOnlyForDeploymentPostprocessing = 0;
		};
		BE9CD65F2939D921005D7838 /* Resources */ = {
			isa = PBXResourcesBuildPhase;
			buildActionMask = 2147483647;
			files = (
			);
			runOnlyForDeploymentPostprocessing = 0;
		};
		BE9CD6692939D921005D7838 /* Resources */ = {
			isa = PBXResourcesBuildPhase;
			buildActionMask = 2147483647;
			files = (
			);
			runOnlyForDeploymentPostprocessing = 0;
		};
/* End PBXResourcesBuildPhase section */

/* Begin PBXSourcesBuildPhase section */
		BE9CD6422939D91A005D7838 /* Sources */ = {
			isa = PBXSourcesBuildPhase;
			buildActionMask = 2147483647;
			files = (
				BE9CD6512939D91A005D7838 /* ViewController.m in Sources */,
				BE9CD64B2939D91A005D7838 /* AppDelegate.m in Sources */,
				BE9CD65C2939D921005D7838 /* main.m in Sources */,
				BE9CD64E2939D91A005D7838 /* SceneDelegate.m in Sources */,
			);
			runOnlyForDeploymentPostprocessing = 0;
		};
		BE9CD65D2939D921005D7838 /* Sources */ = {
			isa = PBXSourcesBuildPhase;
			buildActionMask = 2147483647;
			files = (
				BE9CD6662939D921005D7838 /* IOS_demoTests.m in Sources */,
			);
			runOnlyForDeploymentPostprocessing = 0;
		};
		BE9CD6672939D921005D7838 /* Sources */ = {
			isa = PBXSourcesBuildPhase;
			buildActionMask = 2147483647;
			files = (
				BE9CD6702939D921005D7838 /* IOS_demoUITests.m in Sources */,
				BE9CD6722939D921005D7838 /* IOS_demoUITestsLaunchTests.m in Sources */,
			);
			runOnlyForDeploymentPostprocessing = 0;
		};
/* End PBXSourcesBuildPhase section */

/* Begin PBXTargetDependency section */
		BE9CD6632939D921005D7838 /* PBXTargetDependency */ = {
			isa = PBXTargetDependency;
			target = BE9CD6452939D91A005D7838 /* IOS_demo */;
			targetProxy = BE9CD6622939D921005D7838 /* PBXContainerItemProxy */;
		};
		BE9CD66D2939D921005D7838 /* PBXTargetDependency */ = {
			isa = PBXTargetDependency;
			target = BE9CD6452939D91A005D7838 /* IOS_demo */;
			targetProxy = BE9CD66C2939D921005D7838 /* PBXContainerItemProxy */;
		};
/* End PBXTargetDependency section */

/* Begin PBXVariantGroup section */
		BE9CD6522939D91A005D7838 /* Main.storyboard */ = {
			isa = PBXVariantGroup;
			children = (
				BE9CD6532939D91A005D7838 /* Base */,
			);
			name = Main.storyboard;
			sourceTree = "<group>";
		};
		BE9CD6572939D921005D7838 /* LaunchScreen.storyboard */ = {
			isa = PBXVariantGroup;
			children = (
				BE9CD6582939D921005D7838 /* Base */,
			);
			name = LaunchScreen.storyboard;
			sourceTree = "<group>";
		};
/* End PBXVariantGroup section */

/* Begin XCBuildConfiguration section */
		BE9CD6732939D921005D7838 /* Debug */ = {
			isa = XCBuildConfiguration;
			buildSettings = {
				ALWAYS_SEARCH_USER_PATHS = NO;
				CLANG_ANALYZER_NONNULL = YES;
				CLANG_ANALYZER_NUMBER_OBJECT_CONVERSION = YES_AGGRESSIVE;
				CLANG_CXX_LANGUAGE_STANDARD = "gnu++17";
				CLANG_ENABLE_MODULES = YES;
				CLANG_ENABLE_OBJC_ARC = YES;
				CLANG_ENABLE_OBJC_WEAK = YES;
				CLANG_WARN_BLOCK_CAPTURE_AUTORELEASING = YES;
				CLANG_WARN_BOOL_CONVERSION = YES;
				CLANG_WARN_COMMA = YES;
				CLANG_WARN_CONSTANT_CONVERSION = YES;
				CLANG_WARN_DEPRECATED_OBJC_IMPLEMENTATIONS = YES;
				CLANG_WARN_DIRECT_OBJC_ISA_USAGE = YES_ERROR;
				CLANG_WARN_DOCUMENTATION_COMMENTS = YES;
				CLANG_WARN_EMPTY_BODY = YES;
				CLANG_WARN_ENUM_CONVERSION = YES;
				CLANG_WARN_INFINITE_RECURSION = YES;
				CLANG_WARN_INT_CONVERSION = YES;
				CLANG_WARN_NON_LITERAL_NULL_CONVERSION = YES;
				CLANG_WARN_OBJC_IMPLICIT_RETAIN_SELF = YES;
				CLANG_WARN_OBJC_LITERAL_CONVERSION = YES;
				CLANG_WARN_OBJC_ROOT_CLASS = YES_ERROR;
				CLANG_WARN_QUOTED_INCLUDE_IN_FRAMEWORK_HEADER = YES;
				CLANG_WARN_RANGE_LOOP_ANALYSIS = YES;
				CLANG_WARN_STRICT_PROTOTYPES = YES;
				CLANG_WARN_SUSPICIOUS_MOVE = YES;
				CLANG_WARN_UNGUARDED_AVAILABILITY = YES_AGGRESSIVE;
				CLANG_WARN_UNREACHABLE_CODE = YES;
				CLANG_WARN__DUPLICATE_METHOD_MATCH = YES;
				COPY_PHASE_STRIP = NO;
				DEBUG_INFORMATION_FORMAT = dwarf;
				ENABLE_STRICT_OBJC_MSGSEND = YES;
				ENABLE_TESTABILITY = YES;
				GCC_C_LANGUAGE_STANDARD = gnu11;
				GCC_DYNAMIC_NO_PIC = NO;
				GCC_NO_COMMON_BLOCKS = YES;
				GCC_OPTIMIZATION_LEVEL = 0;
				GCC_PREPROCESSOR_DEFINITIONS = (
					"DEBUG=1",
					"$(inherited)",
				);
				GCC_WARN_64_TO_32_BIT_CONVERSION = YES;
				GCC_WARN_ABOUT_RETURN_TYPE = YES_ERROR;
				GCC_WARN_UNDECLARED_SELECTOR = YES;
				GCC_WARN_UNINITIALIZED_AUTOS = YES_AGGRESSIVE;
				GCC_WARN_UNUSED_FUNCTION = YES;
				GCC_WARN_UNUSED_VARIABLE = YES;
				IPHONEOS_DEPLOYMENT_TARGET = 15.5;
				MTL_ENABLE_DEBUG_INFO = INCLUDE_SOURCE;
				MTL_FAST_MATH = YES;
				ONLY_ACTIVE_ARCH = YES;
				SDKROOT = iphoneos;
			};
			name = Debug;
		};
		BE9CD6742939D921005D7838 /* Release */ = {
			isa = XCBuildConfiguration;
			buildSettings = {
				ALWAYS_SEARCH_USER_PATHS = NO;
				CLANG_ANALYZER_NONNULL = YES;
				CLANG_ANALYZER_NUMBER_OBJECT_CONVERSION = YES_AGGRESSIVE;
				CLANG_CXX_LANGUAGE_STANDARD = "gnu++17";
				CLANG_ENABLE_MODULES = YES;
				CLANG_ENABLE_OBJC_ARC = YES;
				CLANG_ENABLE_OBJC_WEAK = YES;
				CLANG_WARN_BLOCK_CAPTURE_AUTORELEASING = YES;
				CLANG_WARN_BOOL_CONVERSION = YES;
				CLANG_WARN_COMMA = YES;
				CLANG_WARN_CONSTANT_CONVERSION = YES;
				CLANG_WARN_DEPRECATED_OBJC_IMPLEMENTATIONS = YES;
				CLANG_WARN_DIRECT_OBJC_ISA_USAGE = YES_ERROR;
				CLANG_WARN_DOCUMENTATION_COMMENTS = YES;
				CLANG_WARN_EMPTY_BODY = YES;
				CLANG_WARN_ENUM_CONVERSION = YES;
				CLANG_WARN_INFINITE_RECURSION = YES;
				CLANG_WARN_INT_CONVERSION = YES;
				CLANG_WARN_NON_LITERAL_NULL_CONVERSION = YES;
				CLANG_WARN_OBJC_IMPLICIT_RETAIN_SELF = YES;
				CLANG_WARN_OBJC_LITERAL_CONVERSION = YES;
				CLANG_WARN_OBJC_ROOT_CLASS = YES_ERROR;
				CLANG_WARN_QUOTED_INCLUDE_IN_FRAMEWORK_HEADER = YES;
				CLANG_WARN_RANGE_LOOP_ANALYSIS = YES;
				CLANG_WARN_STRICT_PROTOTYPES = YES;
				CLANG_WARN_SUSPICIOUS_MOVE = YES;
				CLANG_WARN_UNGUARDED_AVAILABILITY = YES_AGGRESSIVE;
				CLANG_WARN_UNREACHABLE_CODE = YES;
				CLANG_WARN__DUPLICATE_METHOD_MATCH = YES;
				COPY_PHASE_STRIP = NO;
				DEBUG_INFORMATION_FORMAT = "dwarf-with-dsym";
				ENABLE_NS_ASSERTIONS = NO;
				ENABLE_STRICT_OBJC_MSGSEND = YES;
				GCC_C_LANGUAGE_STANDARD = gnu11;
				GCC_NO_COMMON_BLOCKS = YES;
				GCC_WARN_64_TO_32_BIT_CONVERSION = YES;
				GCC_WARN_ABOUT_RETURN_TYPE = YES_ERROR;
				GCC_WARN_UNDECLARED_SELECTOR = YES;
				GCC_WARN_UNINITIALIZED_AUTOS = YES_AGGRESSIVE;
				GCC_WARN_UNUSED_FUNCTION = YES;
				GCC_WARN_UNUSED_VARIABLE = YES;
				IPHONEOS_DEPLOYMENT_TARGET = 15.5;
				MTL_ENABLE_DEBUG_INFO = NO;
				MTL_FAST_MATH = YES;
				SDKROOT = iphoneos;
				VALIDATE_PRODUCT = YES;
			};
			name = Release;
		};
		BE9CD6762939D921005D7838 /* Debug */ = {
			isa = XCBuildConfiguration;
			buildSettings = {
				ASSETCATALOG_COMPILER_APPICON_NAME = AppIcon;
				ASSETCATALOG_COMPILER_GLOBAL_ACCENT_COLOR_NAME = AccentColor;
				CODE_SIGN_STYLE = Automatic;
				CURRENT_PROJECT_VERSION = 1;
				DEVELOPMENT_TEAM = Q95AXQ8W7D;
				GENERATE_INFOPLIST_FILE = YES;
				INFOPLIST_FILE = IOS_demo/Info.plist;
				INFOPLIST_KEY_UIApplicationSupportsIndirectInputEvents = YES;
				INFOPLIST_KEY_UILaunchStoryboardName = LaunchScreen;
				INFOPLIST_KEY_UIMainStoryboardFile = Main;
				INFOPLIST_KEY_UISupportedInterfaceOrientations_iPad = "UIInterfaceOrientationPortrait UIInterfaceOrientationPortraitUpsideDown UIInterfaceOrientationLandscapeLeft UIInterfaceOrientationLandscapeRight";
				INFOPLIST_KEY_UISupportedInterfaceOrientations_iPhone = "UIInterfaceOrientationPortrait UIInterfaceOrientationLandscapeLeft UIInterfaceOrientationLandscapeRight";
				LD_RUNPATH_SEARCH_PATHS = (
					"$(inherited)",
					"@executable_path/Frameworks",
				);
				MARKETING_VERSION = 1.0;
				PRODUCT_BUNDLE_IDENTIFIER = "XP.IOS-demo";
				PRODUCT_NAME = "$(TARGET_NAME)";
				SWIFT_EMIT_LOC_STRINGS = YES;
				TARGETED_DEVICE_FAMILY = "1,2";
			};
			name = Debug;
		};
		BE9CD6772939D921005D7838 /* Release */ = {
			isa = XCBuildConfiguration;
			buildSettings = {
				ASSETCATALOG_COMPILER_APPICON_NAME = AppIcon;
				ASSETCATALOG_COMPILER_GLOBAL_ACCENT_COLOR_NAME = AccentColor;
				CODE_SIGN_STYLE = Automatic;
				CURRENT_PROJECT_VERSION = 1;
				DEVELOPMENT_TEAM = Q95AXQ8W7D;
				GENERATE_INFOPLIST_FILE = YES;
				INFOPLIST_FILE = IOS_demo/Info.plist;
				INFOPLIST_KEY_UIApplicationSupportsIndirectInputEvents = YES;
				INFOPLIST_KEY_UILaunchStoryboardName = LaunchScreen;
				INFOPLIST_KEY_UIMainStoryboardFile = Main;
				INFOPLIST_KEY_UISupportedInterfaceOrientations_iPad = "UIInterfaceOrientationPortrait UIInterfaceOrientationPortraitUpsideDown UIInterfaceOrientationLandscapeLeft UIInterfaceOrientationLandscapeRight";
				INFOPLIST_KEY_UISupportedInterfaceOrientations_iPhone = "UIInterfaceOrientationPortrait UIInterfaceOrientationLandscapeLeft UIInterfaceOrientationLandscapeRight";
				LD_RUNPATH_SEARCH_PATHS = (
					"$(inherited)",
					"@executable_path/Frameworks",
				);
				MARKETING_VERSION = 1.0;
				PRODUCT_BUNDLE_IDENTIFIER = "XP.IOS-demo";
				PRODUCT_NAME = "$(TARGET_NAME)";
				SWIFT_EMIT_LOC_STRINGS = YES;
				TARGETED_DEVICE_FAMILY = "1,2";
			};
			name = Release;
		};
		BE9CD6792939D921005D7838 /* Debug */ = {
			isa = XCBuildConfiguration;
			buildSettings = {
				BUNDLE_LOADER = "$(TEST_HOST)";
				CODE_SIGN_STYLE = Automatic;
				CURRENT_PROJECT_VERSION = 1;
				DEVELOPMENT_TEAM = Q95AXQ8W7D;
				GENERATE_INFOPLIST_FILE = YES;
				IPHONEOS_DEPLOYMENT_TARGET = 15.5;
				MARKETING_VERSION = 1.0;
				PRODUCT_BUNDLE_IDENTIFIER = "XP.IOS-demoTests";
				PRODUCT_NAME = "$(TARGET_NAME)";
				SWIFT_EMIT_LOC_STRINGS = NO;
				TARGETED_DEVICE_FAMILY = "1,2";
				TEST_HOST = "$(BUILT_PRODUCTS_DIR)/IOS_demo.app/IOS_demo";
			};
			name = Debug;
		};
		BE9CD67A2939D921005D7838 /* Release */ = {
			isa = XCBuildConfiguration;
			buildSettings = {
				BUNDLE_LOADER = "$(TEST_HOST)";
				CODE_SIGN_STYLE = Automatic;
				CURRENT_PROJECT_VERSION = 1;
				DEVELOPMENT_TEAM = Q95AXQ8W7D;
				GENERATE_INFOPLIST_FILE = YES;
				IPHONEOS_DEPLOYMENT_TARGET = 15.5;
				MARKETING_VERSION = 1.0;
				PRODUCT_BUNDLE_IDENTIFIER = "XP.IOS-demoTests";
				PRODUCT_NAME = "$(TARGET_NAME)";
				SWIFT_EMIT_LOC_STRINGS = NO;
				TARGETED_DEVICE_FAMILY = "1,2";
				TEST_HOST = "$(BUILT_PRODUCTS_DIR)/IOS_demo.app/IOS_demo";
			};
			name = Release;
		};
		BE9CD67C2939D921005D7838 /* Debug */ = {
			isa = XCBuildConfiguration;
			buildSettings = {
				CODE_SIGN_STYLE = Automatic;
				CURRENT_PROJECT_VERSION = 1;
				DEVELOPMENT_TEAM = Q95AXQ8W7D;
				GENERATE_INFOPLIST_FILE = YES;
				MARKETING_VERSION = 1.0;
				PRODUCT_BUNDLE_IDENTIFIER = "XP.IOS-demoUITests";
				PRODUCT_NAME = "$(TARGET_NAME)";
				SWIFT_EMIT_LOC_STRINGS = NO;
				TARGETED_DEVICE_FAMILY = "1,2";
				TEST_TARGET_NAME = IOS_demo;
			};
			name = Debug;
		};
		BE9CD67D2939D921005D7838 /* Release */ = {
			isa = XCBuildConfiguration;
			buildSettings = {
				CODE_SIGN_STYLE = Automatic;
				CURRENT_PROJECT_VERSION = 1;
				DEVELOPMENT_TEAM = Q95AXQ8W7D;
				GENERATE_INFOPLIST_FILE = YES;
				MARKETING_VERSION = 1.0;
				PRODUCT_BUNDLE_IDENTIFIER = "XP.IOS-demoUITests";
				PRODUCT_NAME = "$(TARGET_NAME)";
				SWIFT_EMIT_LOC_STRINGS = NO;
				TARGETED_DEVICE_FAMILY = "1,2";
				TEST_TARGET_NAME = IOS_demo;
			};
			name = Release;
		};
/* End XCBuildConfiguration section */

/* Begin XCConfigurationList section */
		BE9CD6412939D91A005D7838 /* Build configuration list for PBXProject "IOS_demo" */ = {
			isa = XCConfigurationList;
			buildConfigurations = (
				BE9CD6732939D921005D7838 /* Debug */,
				BE9CD6742939D921005D7838 /* Release */,
			);
			defaultConfigurationIsVisible = 0;
			defaultConfigurationName = Release;
		};
		BE9CD6752939D921005D7838 /* Build configuration list for PBXNativeTarget "IOS_demo" */ = {
			isa = XCConfigurationList;
			buildConfigurations = (
				BE9CD6762939D921005D7838 /* Debug */,
				BE9CD6772939D921005D7838 /* Release */,
			);
			defaultConfigurationIsVisible = 0;
			defaultConfigurationName = Release;
		};
		BE9CD6782939D921005D7838 /* Build configuration list for PBXNativeTarget "IOS_demoTests" */ = {
			isa = XCConfigurationList;
			buildConfigurations = (
				BE9CD6792939D921005D7838 /* Debug */,
				BE9CD67A2939D921005D7838 /* Release */,
			);
			defaultConfigurationIsVisible = 0;
			defaultConfigurationName = Release;
		};
		BE9CD67B2939D921005D7838 /* Build configuration list for PBXNativeTarget "IOS_demoUITests" */ = {
			isa = XCConfigurationList;
			buildConfigurations = (
				BE9CD67C2939D921005D7838 /* Debug */,
				BE9CD67D2939D921005D7838 /* Release */,
			);
			defaultConfigurationIsVisible = 0;
			defaultConfigurationName = Release;
		};
/* End XCConfigurationList section */
	};
	rootObject = BE9CD63E2939D91A005D7838 /* Project object */;
}
